
Microsoft Visual Studio Solution File, Format Version 12.00
# Visual Studio Version 17
VisualStudioVersion = 17.5.002.0
MinimumVisualStudioVersion = 10.0.40219.1
Project("{9A19103F-16F7-4668-BE54-9A1E7A4F7556}") = "Proj006", "Proj006.csproj", "{BE55625F-968E-4D88-8725-F94D697C0FAB}"
EndProject
Global
	GlobalSection(SolutionConfigurationPlatforms) = preSolution
		Debug|Any CPU = Debug|Any CPU
		Release|Any CPU = Release|Any CPU
	EndGlobalSection
	GlobalSection(ProjectConfigurationPlatforms) = postSolution
		{BE55625F-968E-4D88-8725-F94D697C0FAB}.Debug|Any CPU.ActiveCfg = Debug|Any CPU
		{BE55625F-968E-4D88-8725-F94D697C0FAB}.Debug|Any CPU.Build.0 = Debug|Any CPU
		{BE55625F-968E-4D88-8725-F94D697C0FAB}.Release|Any CPU.ActiveCfg = Release|Any CPU
		{BE55625F-968E-4D88-8725-F94D697C0FAB}.Release|Any CPU.Build.0 = Release|Any CPU
	EndGlobalSection
	GlobalSection(SolutionProperties) = preSolution
		HideSolutionNode = FALSE
	EndGlobalSection
	GlobalSection(ExtensibilityGlobals) = postSolution
		SolutionGuid = {CD11E8BD-0738-4A3F-81C4-279159300C89}
	EndGlobalSection
EndGlobal
